
Microsoft Visual Studio Solution File, Format Version 12.00
# Visual Studio 15
VisualStudioVersion = 15.0.28307.779
MinimumVisualStudioVersion = 10.0.40219.1
Project("{FAE04EC0-301F-11D3-BF4B-00C04F79EFBC}") = "MainCorreo", "MainCorreo\MainCorreo.csproj", "{419AD177-B40E-4772-90B7-105DC9176C6F}"
EndProject
Project("{FAE04EC0-301F-11D3-BF4B-00C04F79EFBC}") = "Entidades", "Entidades\Entidades.csproj", "{275E1E86-FF03-4944-89A2-A198C3728EFE}"
EndProject
Project("{FAE04EC0-301F-11D3-BF4B-00C04F79EFBC}") = "TestUnitarios", "TestUnitarios\TestUnitarios.csproj", "{31E6D7B8-577D-491F-8EE2-6DE50627D35E}"
EndProject
Global
	GlobalSection(SolutionConfigurationPlatforms) = preSolution
		Debug|Any CPU = Debug|Any CPU
		Release|Any CPU = Release|Any CPU
	EndGlobalSection
	GlobalSection(ProjectConfigurationPlatforms) = postSolution
		{419AD177-B40E-4772-90B7-105DC9176C6F}.Debug|Any CPU.ActiveCfg = Debug|Any CPU
		{419AD177-B40E-4772-90B7-105DC9176C6F}.Debug|Any CPU.Build.0 = Debug|Any CPU
		{419AD177-B40E-4772-90B7-105DC9176C6F}.Release|Any CPU.ActiveCfg = Release|Any CPU
		{419AD177-B40E-4772-90B7-105DC9176C6F}.Release|Any CPU.Build.0 = Release|Any CPU
		{275E1E86-FF03-4944-89A2-A198C3728EFE}.Debug|Any CPU.ActiveCfg = Debug|Any CPU
		{275E1E86-FF03-4944-89A2-A198C3728EFE}.Debug|Any CPU.Build.0 = Debug|Any CPU
		{275E1E86-FF03-4944-89A2-A198C3728EFE}.Release|Any CPU.ActiveCfg = Release|Any CPU
		{275E1E86-FF03-4944-89A2-A198C3728EFE}.Release|Any CPU.Build.0 = Release|Any CPU
		{31E6D7B8-577D-491F-8EE2-6DE50627D35E}.Debug|Any CPU.ActiveCfg = Debug|Any CPU
		{31E6D7B8-577D-491F-8EE2-6DE50627D35E}.Debug|Any CPU.Build.0 = Debug|Any CPU
		{31E6D7B8-577D-491F-8EE2-6DE50627D35E}.Release|Any CPU.ActiveCfg = Release|Any CPU
		{31E6D7B8-577D-491F-8EE2-6DE50627D35E}.Release|Any CPU.Build.0 = Release|Any CPU
	EndGlobalSection
	GlobalSection(SolutionProperties) = preSolution
		HideSolutionNode = FALSE
	EndGlobalSection
	GlobalSection(ExtensibilityGlobals) = postSolution
		SolutionGuid = {3C3BD3CF-7B02-49CC-8C55-B9E96E1C26EB}
	EndGlobalSection
EndGlobal
